
Microsoft Visual Studio Solution File, Format Version 12.00
# Visual Studio Version 16
VisualStudioVersion = 16.0.30517.126
MinimumVisualStudioVersion = 10.0.40219.1
Project("{9A19103F-16F7-4668-BE54-9A1E7A4F7556}") = "TelegramMathBot", "TelegramMathBot.csproj", "{4F0B2912-EE0C-4459-9DA1-C4313CAF1CB6}"
EndProject
Project("{FAE04EC0-301F-11D3-BF4B-00C04F79EFBC}") = "Domain", "..\Domain\Domain.csproj", "{FA23CDF3-7F1E-4EC4-B50B-62244CC1A5DE}"
EndProject
Project("{FAE04EC0-301F-11D3-BF4B-00C04F79EFBC}") = "App", "..\App\App.csproj", "{6D2C5FC5-10D0-4840-8506-DB84F76260A9}"
EndProject
Global
	GlobalSection(SolutionConfigurationPlatforms) = preSolution
		Debug|Any CPU = Debug|Any CPU
		Release|Any CPU = Release|Any CPU
	EndGlobalSection
	GlobalSection(ProjectConfigurationPlatforms) = postSolution
		{4F0B2912-EE0C-4459-9DA1-C4313CAF1CB6}.Debug|Any CPU.ActiveCfg = Debug|Any CPU
		{4F0B2912-EE0C-4459-9DA1-C4313CAF1CB6}.Debug|Any CPU.Build.0 = Debug|Any CPU
		{4F0B2912-EE0C-4459-9DA1-C4313CAF1CB6}.Release|Any CPU.ActiveCfg = Release|Any CPU
		{4F0B2912-EE0C-4459-9DA1-C4313CAF1CB6}.Release|Any CPU.Build.0 = Release|Any CPU
		{FA23CDF3-7F1E-4EC4-B50B-62244CC1A5DE}.Debug|Any CPU.ActiveCfg = Debug|Any CPU
		{FA23CDF3-7F1E-4EC4-B50B-62244CC1A5DE}.Debug|Any CPU.Build.0 = Debug|Any CPU
		{FA23CDF3-7F1E-4EC4-B50B-62244CC1A5DE}.Release|Any CPU.ActiveCfg = Release|Any CPU
		{FA23CDF3-7F1E-4EC4-B50B-62244CC1A5DE}.Release|Any CPU.Build.0 = Release|Any CPU
		{6D2C5FC5-10D0-4840-8506-DB84F76260A9}.Debug|Any CPU.ActiveCfg = Debug|Any CPU
		{6D2C5FC5-10D0-4840-8506-DB84F76260A9}.Debug|Any CPU.Build.0 = Debug|Any CPU
		{6D2C5FC5-10D0-4840-8506-DB84F76260A9}.Release|Any CPU.ActiveCfg = Release|Any CPU
		{6D2C5FC5-10D0-4840-8506-DB84F76260A9}.Release|Any CPU.Build.0 = Release|Any CPU
	EndGlobalSection
	GlobalSection(SolutionProperties) = preSolution
		HideSolutionNode = FALSE
	EndGlobalSection
	GlobalSection(ExtensibilityGlobals) = postSolution
		SolutionGuid = {EED59581-4936-4E59-95B1-0B591AB840C3}
	EndGlobalSection
EndGlobal
